
Microsoft Visual Studio Solution File, Format Version 12.00
# Visual Studio Version 16
VisualStudioVersion = 16.0.31410.357
MinimumVisualStudioVersion = 10.0.40219.1
Project("{FAE04EC0-301F-11D3-BF4B-00C04F79EFBC}") = "StartForOOP", "StartForOOP\StartForOOP.csproj", "{C8EB780C-9535-4E4C-A3A1-F0BA9465725C}"
EndProject
Global
	GlobalSection(SolutionConfigurationPlatforms) = preSolution
		Debug|Any CPU = Debug|Any CPU
		Release|Any CPU = Release|Any CPU
	EndGlobalSection
	GlobalSection(ProjectConfigurationPlatforms) = postSolution
		{C8EB780C-9535-4E4C-A3A1-F0BA9465725C}.Debug|Any CPU.ActiveCfg = Debug|Any CPU
		{C8EB780C-9535-4E4C-A3A1-F0BA9465725C}.Debug|Any CPU.Build.0 = Debug|Any CPU
		{C8EB780C-9535-4E4C-A3A1-F0BA9465725C}.Release|Any CPU.ActiveCfg = Release|Any CPU
		{C8EB780C-9535-4E4C-A3A1-F0BA9465725C}.Release|Any CPU.Build.0 = Release|Any CPU
	EndGlobalSection
	GlobalSection(SolutionProperties) = preSolution
		HideSolutionNode = FALSE
	EndGlobalSection
	GlobalSection(ExtensibilityGlobals) = postSolution
		SolutionGuid = {DE4B79AD-3AD3-408F-9234-ECD418196571}
	EndGlobalSection
EndGlobal
